
Microsoft Visual Studio Solution File, Format Version 12.00
# Visual Studio Version 17
VisualStudioVersion = 17.14.36811.4 d17.14
MinimumVisualStudioVersion = 10.0.40219.1
Project("{FAE04EC0-301F-11D3-BF4B-00C04F79EFBC}") = "GameContextfolderTool", "GameContextfolderTool.csproj", "{A293B1CA-6147-49AE-B8A7-6730E25F5EE1}"
EndProject
Global
	GlobalSection(SolutionConfigurationPlatforms) = preSolution
		Debug|Any CPU = Debug|Any CPU
		Release|Any CPU = Release|Any CPU
	EndGlobalSection
	GlobalSection(ProjectConfigurationPlatforms) = postSolution
		{A293B1CA-6147-49AE-B8A7-6730E25F5EE1}.Debug|Any CPU.ActiveCfg = Debug|Any CPU
		{A293B1CA-6147-49AE-B8A7-6730E25F5EE1}.Debug|Any CPU.Build.0 = Debug|Any CPU
		{A293B1CA-6147-49AE-B8A7-6730E25F5EE1}.Release|Any CPU.ActiveCfg = Release|Any CPU
		{A293B1CA-6147-49AE-B8A7-6730E25F5EE1}.Release|Any CPU.Build.0 = Release|Any CPU
	EndGlobalSection
	GlobalSection(SolutionProperties) = preSolution
		HideSolutionNode = FALSE
	EndGlobalSection
	GlobalSection(ExtensibilityGlobals) = postSolution
		SolutionGuid = {8540FF0E-3A36-4326-9EE8-CCB574F332AD}
	EndGlobalSection
EndGlobal
